
Microsoft Visual Studio Solution File, Format Version 12.00
# Visual Studio Version 16
VisualStudioVersion = 16.0.30413.136
MinimumVisualStudioVersion = 10.0.40219.1
Project("{FAE04EC0-301F-11D3-BF4B-00C04F79EFBC}") = "reverse", "reverse\reverse.csproj", "{CDCBBBC5-2968-4E6F-A0CC-1F2431672187}"
EndProject
Global
	GlobalSection(SolutionConfigurationPlatforms) = preSolution
		Debug|Any CPU = Debug|Any CPU
		Release|Any CPU = Release|Any CPU
	EndGlobalSection
	GlobalSection(ProjectConfigurationPlatforms) = postSolution
		{CDCBBBC5-2968-4E6F-A0CC-1F2431672187}.Debug|Any CPU.ActiveCfg = Debug|Any CPU
		{CDCBBBC5-2968-4E6F-A0CC-1F2431672187}.Debug|Any CPU.Build.0 = Debug|Any CPU
		{CDCBBBC5-2968-4E6F-A0CC-1F2431672187}.Release|Any CPU.ActiveCfg = Release|Any CPU
		{CDCBBBC5-2968-4E6F-A0CC-1F2431672187}.Release|Any CPU.Build.0 = Release|Any CPU
	EndGlobalSection
	GlobalSection(SolutionProperties) = preSolution
		HideSolutionNode = FALSE
	EndGlobalSection
	GlobalSection(ExtensibilityGlobals) = postSolution
		SolutionGuid = {70209A5B-B4CC-4066-A081-91ECEE3F7284}
	EndGlobalSection
EndGlobal
